<?xml version="1.0" encoding="utf-8"?>
<Project ToolsVersion="4.0" xmlns="http://schemas.microsoft.com/developer/msbuild/2003">
  <ItemGroup>
    <ClCompile Include="OpenDisplay.cpp" />
    <ClCompile Include="Display\Display.cpp">
      <Filter>Display</Filter>
    </ClCompile>
    <ClCompile Include="Display\Bitmap\DrawBitmapDD7.cpp">
      <Filter>Display\Bitmap</Filter>
    </ClCompile>
    <ClCompile Include="D3DX\D3DXHandler.cpp">
      <Filter>D3DX</Filter>
    </ClCompile>
    <ClCompile Include="Utilities\ColorUtilities.cpp">
      <Filter>Utilities</Filter>
    </ClCompile>
    <ClCompile Include="Display\Surface\SurfaceDD7.cpp">
      <Filter>Display\Surface</Filter>
    </ClCompile>
    <ClCompile Include="Time\QueryPerformance.cpp">
      <Filter>Time</Filter>
    </ClCompile>
  </ItemGroup>
  <ItemGroup>
    <Filter Include="Display">
      <UniqueIdentifier>{02bc93ca-1068-4d16-9740-662e31e83574}</UniqueIdentifier>
    </Filter>
    <Filter Include="Display\Bitmap">
      <UniqueIdentifier>{972a6c83-6166-4b79-b2bf-740df559889f}</UniqueIdentifier>
    </Filter>
    <Filter Include="D3DX">
      <UniqueIdentifier>{e139df86-46d0-4eda-a1ea-cfa93b2a07f8}</UniqueIdentifier>
    </Filter>
    <Filter Include="Utilities">
      <UniqueIdentifier>{4368af28-fecd-42b3-991e-11b00e89bff0}</UniqueIdentifier>
    </Filter>
    <Filter Include="Display\Surface">
      <UniqueIdentifier>{06e03e4d-259b-433c-b6ba-3882e86fa1df}</UniqueIdentifier>
    </Filter>
    <Filter Include="Time">
      <UniqueIdentifier>{3829cc56-62b7-4a08-84a5-489ef2716abe}</UniqueIdentifier>
    </Filter>
  </ItemGroup>
  <ItemGroup>
    <ClInclude Include="Display\Display.h">
      <Filter>Display</Filter>
    </ClInclude>
    <ClInclude Include="Display\Bitmap\DrawBitmapDD7.h">
      <Filter>Display\Bitmap</Filter>
    </ClInclude>
    <ClInclude Include="D3DX\D3DXHandler.h">
      <Filter>D3DX</Filter>
    </ClInclude>
    <ClInclude Include="Utilities\ColorUtilities.h">
      <Filter>Utilities</Filter>
    </ClInclude>
    <ClInclude Include="Utilities\Singleton.hpp">
      <Filter>Utilities</Filter>
    </ClInclude>
    <ClInclude Include="Display\Surface\SurfaceDD7.h">
      <Filter>Display\Surface</Filter>
    </ClInclude>
    <ClInclude Include="Time\QueryPerformance.h">
      <Filter>Time</Filter>
    </ClInclude>
  </ItemGroup>
</Project>